{
    "version": 3,
    "terraform_version": "0.11.0",
    "serial": 2,
    "lineage": "20b13c68-5b47-47c9-824f-803b3f159feb",
    "modules": [
        {
            "path": [
                "root"
            ],
            "outputs": {},
            "resources": {
                "openstack_compute_instance_v2.test_terraform_instance": {
                    "type": "openstack_compute_instance_v2",
                    "depends_on": [
                        "openstack_compute_keypair_v2.test_keypair"
                    ],
                    "primary": {
                        "id": "1077b3a8-8c5e-4ad1-86a7-46a327ce825a",
                        "attributes": {
                            "access_ip_v4": "147.135.194.10",
                            "access_ip_v6": "[2001:41d0:302:1100::7:11b9]",
                            "all_metadata.%": "0",
                            "availability_zone": "nova",
                            "flavor_id": "eeb4ccc9-faa0-4afb-955e-6a0224f93055",
                            "flavor_name": "s1-2",
                            "force_delete": "false",
                            "id": "1077b3a8-8c5e-4ad1-86a7-46a327ce825a",
                            "image_id": "3f8b0c99-6bd7-4811-a207-a1937c233896",
                            "image_name": "Ubuntu 16.04",
                            "key_pair": "test_keypair",
                            "name": "terraform_instance",
                            "network.#": "1",
                            "network.0.access_network": "false",
                            "network.0.fixed_ip_v4": "147.135.194.10",
                            "network.0.fixed_ip_v6": "[2001:41d0:302:1100::7:11b9]",
                            "network.0.floating_ip": "",
                            "network.0.mac": "fa:16:3e:83:0d:63",
                            "network.0.name": "Ext-Net",
                            "network.0.port": "",
                            "network.0.uuid": "eecc8610-f977-461c-bad2-917d7be01144",
                            "region": "GRA3",
                            "security_groups.#": "1",
                            "security_groups.3814588639": "default",
                            "stop_before_destroy": "false"
                        },
                        "meta": {
                            "e2bfb730-ecaa-11e6-8f88-34363bc7c4c0": {
                                "create": 1800000000000,
                                "delete": 1800000000000,
                                "update": 1800000000000
                            }
                        },
                        "tainted": false
                    },
                    "deposed": [],
                    "provider": "provider.openstack"
                },
                "openstack_compute_keypair_v2.test_keypair": {
                    "type": "openstack_compute_keypair_v2",
                    "depends_on": [],
                    "primary": {
                        "id": "test_keypair",
                        "attributes": {
                            "id": "test_keypair",
                            "name": "test_keypair",
                            "public_key": "ssh-rsa AAAAB3NzaC1yc2EAAAADAQABAAACAQDZH8CO7ijcMTQcuhox/yU0ddftgyO2FypX/ahcOGmWjemdHlu7bDtSBGcf/AV6p0kf64sJy7ig63uImesMjQsFxWN7DejiiUWwZtIz1kqVDDr48pKKuvcjAQlxjwH2l4H+oeMs1e+QWfVe/QnjpX0/C59zOSqBDyOfURBywb0FqyhpteBsxSKn6xF/qhs5Moq53B2HAc93P76vtylIBMcFfPqIChyePv7QbkjSnD0AYqJLYx7fGGzMqm9WD/iktN03s1RvyCR23rKZz0dwxAsEKdLjJ3MHPJprcjZiG1M0Wp0doxYOmno/U9InIyRD5jgwZjyzDFQeY+XuK/TSeY3omLsxpuPGTgKSvqJmiNPgZ1HeOQM95eR8NH2uUCVaJtyoFRDyvqExouELGrnJjDN0Y5Im7944Uw0MDi51GIUSihA9MUu9YY2agKPvwzh4VsVFXXs5qIWKpNaGb+NSbxQ8puZ0c86JOxjhua2123Hw28LfG+dffEJTbX3WD1B8x/n3dZ/zn0OmZ07rXV5fqQv2zprDFJgwp7YV5mnFgce8fv7yxpyNp7j5kD59FuzzHbNd3f/02ak1u19/YSEv5erNIKzuZ271eVe3TRgZgG71LjijryxlxYOIFtGTURwMCujbRUiN0rHO49dVwmt2ZqbALQ/Or7jiWvj51xXNEy2uSQ== joels@DESKTOP-CINT5P9\n",
                            "region": "GRA3"
                        },
                        "meta": {},
                        "tainted": false
                    },
                    "deposed": [],
                    "provider": "provider.openstack"
                }
            },
            "depends_on": []
        }
    ]
}
